
Microsoft Visual Studio Solution File, Format Version 12.00
# Visual Studio Version 16
VisualStudioVersion = 16.0.31424.327
MinimumVisualStudioVersion = 10.0.40219.1
Project("{FAE04EC0-301F-11D3-BF4B-00C04F79EFBC}") = "NorthwindProje_WFA", "NorthwindProje_WFA\NorthwindProje_WFA.csproj", "{74021B18-4BB7-43F2-8AF5-F9B5C4103AE4}"
EndProject
Global
	GlobalSection(SolutionConfigurationPlatforms) = preSolution
		Debug|Any CPU = Debug|Any CPU
		Release|Any CPU = Release|Any CPU
	EndGlobalSection
	GlobalSection(ProjectConfigurationPlatforms) = postSolution
		{74021B18-4BB7-43F2-8AF5-F9B5C4103AE4}.Debug|Any CPU.ActiveCfg = Debug|Any CPU
		{74021B18-4BB7-43F2-8AF5-F9B5C4103AE4}.Debug|Any CPU.Build.0 = Debug|Any CPU
		{74021B18-4BB7-43F2-8AF5-F9B5C4103AE4}.Release|Any CPU.ActiveCfg = Release|Any CPU
		{74021B18-4BB7-43F2-8AF5-F9B5C4103AE4}.Release|Any CPU.Build.0 = Release|Any CPU
	EndGlobalSection
	GlobalSection(SolutionProperties) = preSolution
		HideSolutionNode = FALSE
	EndGlobalSection
	GlobalSection(ExtensibilityGlobals) = postSolution
		SolutionGuid = {48013FCF-7A9E-41C8-82F1-2E60C22BA2F0}
	EndGlobalSection
EndGlobal
